
Microsoft Visual Studio Solution File, Format Version 12.00
# Visual Studio Version 17
VisualStudioVersion = 17.9.34714.143
MinimumVisualStudioVersion = 10.0.40219.1
Project("{9A19103F-16F7-4668-BE54-9A1E7A4F7556}") = "VM.CryptoBot.Api", "VM.CryptoBot.Api\VM.CryptoBot.Api.csproj", "{A7813652-7C73-4235-9650-0A0C05611625}"
EndProject
Project("{9A19103F-16F7-4668-BE54-9A1E7A4F7556}") = "VM.CryptoBot.Domain", "VM.CryptoBot.Domain\VM.CryptoBot.Domain.csproj", "{6CC07016-B898-41C8-BB8E-B64F75555D5F}"
EndProject
Project("{9A19103F-16F7-4668-BE54-9A1E7A4F7556}") = "VM.CryptoBot.AppServices", "VM.CryptoBot.AppServices\VM.CryptoBot.AppServices.csproj", "{0D989E6F-77F7-4D9B-9098-990774E7FAF4}"
EndProject
Project("{9A19103F-16F7-4668-BE54-9A1E7A4F7556}") = "VM.CryptoBot.Workers", "VM.CryptoBot.Workers\VM.CryptoBot.Workers.csproj", "{16B5EFDE-64BF-4AC7-8779-5C27F4D19B16}"
EndProject
Project("{9A19103F-16F7-4668-BE54-9A1E7A4F7556}") = "VM.CryptoBot.Infra", "VM.CryptoBot.Infra\VM.CryptoBot.Infra.csproj", "{D9255EF3-E2E5-43E2-8B2C-E7031101DCB6}"
EndProject
Project("{9A19103F-16F7-4668-BE54-9A1E7A4F7556}") = "VM.CryptoBot.Config", "VM.CryptoBot.Config\VM.CryptoBot.Config.csproj", "{351A9E71-69BE-40F0-B72A-9267E89DA274}"
EndProject
Project("{2150E333-8FDC-42A3-9474-1A3956D46DE8}") = "Configuration", "Configuration", "{5057D628-2240-4F36-A15F-5A9872D134FF}"
EndProject
Project("{2150E333-8FDC-42A3-9474-1A3956D46DE8}") = "Web", "Web", "{FAD929FA-E1D8-4632-98B4-94F9E7E218B6}"
EndProject
Project("{2150E333-8FDC-42A3-9474-1A3956D46DE8}") = "Test", "Test", "{BF494E2A-0B0F-4A9D-A920-69703C043D81}"
EndProject
Project("{2150E333-8FDC-42A3-9474-1A3956D46DE8}") = "Core", "Core", "{79ADACC8-A9E5-4841-AFDD-484CE82B731A}"
EndProject
Project("{2150E333-8FDC-42A3-9474-1A3956D46DE8}") = "Infrastructure", "Infrastructure", "{EEF98C30-9FDF-4F77-8D3D-630323D1AEB7}"
EndProject
Project("{FAE04EC0-301F-11D3-BF4B-00C04F79EFBC}") = "VM.CryptoBot.IntegrationTests", "VM.CryptoBot.IntegrationTests\VM.CryptoBot.IntegrationTests.csproj", "{204A9919-F574-4253-B33E-AC19281B7D4B}"
EndProject
Project("{FAE04EC0-301F-11D3-BF4B-00C04F79EFBC}") = "VM.CryptoBot.TestUtilities", "VM.CryptoBot.TestUtilities\VM.CryptoBot.TestUtilities.csproj", "{B4F7933A-1710-4698-8FB3-49AC8544E293}"
EndProject
Project("{FAE04EC0-301F-11D3-BF4B-00C04F79EFBC}") = "VM.CryptoBot.Tests", "VM.CryptoBot.Tests\VM.CryptoBot.Tests.csproj", "{28548DC6-6BDE-48B3-BA8E-CB18102719F1}"
EndProject
Global
	GlobalSection(SolutionConfigurationPlatforms) = preSolution
		Debug|Any CPU = Debug|Any CPU
		Release|Any CPU = Release|Any CPU
	EndGlobalSection
	GlobalSection(ProjectConfigurationPlatforms) = postSolution
		{A7813652-7C73-4235-9650-0A0C05611625}.Debug|Any CPU.ActiveCfg = Debug|Any CPU
		{A7813652-7C73-4235-9650-0A0C05611625}.Debug|Any CPU.Build.0 = Debug|Any CPU
		{A7813652-7C73-4235-9650-0A0C05611625}.Release|Any CPU.ActiveCfg = Release|Any CPU
		{A7813652-7C73-4235-9650-0A0C05611625}.Release|Any CPU.Build.0 = Release|Any CPU
		{6CC07016-B898-41C8-BB8E-B64F75555D5F}.Debug|Any CPU.ActiveCfg = Debug|Any CPU
		{6CC07016-B898-41C8-BB8E-B64F75555D5F}.Debug|Any CPU.Build.0 = Debug|Any CPU
		{6CC07016-B898-41C8-BB8E-B64F75555D5F}.Release|Any CPU.ActiveCfg = Release|Any CPU
		{6CC07016-B898-41C8-BB8E-B64F75555D5F}.Release|Any CPU.Build.0 = Release|Any CPU
		{0D989E6F-77F7-4D9B-9098-990774E7FAF4}.Debug|Any CPU.ActiveCfg = Debug|Any CPU
		{0D989E6F-77F7-4D9B-9098-990774E7FAF4}.Debug|Any CPU.Build.0 = Debug|Any CPU
		{0D989E6F-77F7-4D9B-9098-990774E7FAF4}.Release|Any CPU.ActiveCfg = Release|Any CPU
		{0D989E6F-77F7-4D9B-9098-990774E7FAF4}.Release|Any CPU.Build.0 = Release|Any CPU
		{16B5EFDE-64BF-4AC7-8779-5C27F4D19B16}.Debug|Any CPU.ActiveCfg = Debug|Any CPU
		{16B5EFDE-64BF-4AC7-8779-5C27F4D19B16}.Debug|Any CPU.Build.0 = Debug|Any CPU
		{16B5EFDE-64BF-4AC7-8779-5C27F4D19B16}.Release|Any CPU.ActiveCfg = Release|Any CPU
		{16B5EFDE-64BF-4AC7-8779-5C27F4D19B16}.Release|Any CPU.Build.0 = Release|Any CPU
		{D9255EF3-E2E5-43E2-8B2C-E7031101DCB6}.Debug|Any CPU.ActiveCfg = Debug|Any CPU
		{D9255EF3-E2E5-43E2-8B2C-E7031101DCB6}.Debug|Any CPU.Build.0 = Debug|Any CPU
		{D9255EF3-E2E5-43E2-8B2C-E7031101DCB6}.Release|Any CPU.ActiveCfg = Release|Any CPU
		{D9255EF3-E2E5-43E2-8B2C-E7031101DCB6}.Release|Any CPU.Build.0 = Release|Any CPU
		{351A9E71-69BE-40F0-B72A-9267E89DA274}.Debug|Any CPU.ActiveCfg = Debug|Any CPU
		{351A9E71-69BE-40F0-B72A-9267E89DA274}.Debug|Any CPU.Build.0 = Debug|Any CPU
		{351A9E71-69BE-40F0-B72A-9267E89DA274}.Release|Any CPU.ActiveCfg = Release|Any CPU
		{351A9E71-69BE-40F0-B72A-9267E89DA274}.Release|Any CPU.Build.0 = Release|Any CPU
		{204A9919-F574-4253-B33E-AC19281B7D4B}.Debug|Any CPU.ActiveCfg = Debug|Any CPU
		{204A9919-F574-4253-B33E-AC19281B7D4B}.Debug|Any CPU.Build.0 = Debug|Any CPU
		{204A9919-F574-4253-B33E-AC19281B7D4B}.Release|Any CPU.ActiveCfg = Release|Any CPU
		{204A9919-F574-4253-B33E-AC19281B7D4B}.Release|Any CPU.Build.0 = Release|Any CPU
		{B4F7933A-1710-4698-8FB3-49AC8544E293}.Debug|Any CPU.ActiveCfg = Debug|Any CPU
		{B4F7933A-1710-4698-8FB3-49AC8544E293}.Debug|Any CPU.Build.0 = Debug|Any CPU
		{B4F7933A-1710-4698-8FB3-49AC8544E293}.Release|Any CPU.ActiveCfg = Release|Any CPU
		{B4F7933A-1710-4698-8FB3-49AC8544E293}.Release|Any CPU.Build.0 = Release|Any CPU
		{28548DC6-6BDE-48B3-BA8E-CB18102719F1}.Debug|Any CPU.ActiveCfg = Debug|Any CPU
		{28548DC6-6BDE-48B3-BA8E-CB18102719F1}.Debug|Any CPU.Build.0 = Debug|Any CPU
		{28548DC6-6BDE-48B3-BA8E-CB18102719F1}.Release|Any CPU.ActiveCfg = Release|Any CPU
		{28548DC6-6BDE-48B3-BA8E-CB18102719F1}.Release|Any CPU.Build.0 = Release|Any CPU
	EndGlobalSection
	GlobalSection(SolutionProperties) = preSolution
		HideSolutionNode = FALSE
	EndGlobalSection
	GlobalSection(NestedProjects) = preSolution
		{A7813652-7C73-4235-9650-0A0C05611625} = {FAD929FA-E1D8-4632-98B4-94F9E7E218B6}
		{6CC07016-B898-41C8-BB8E-B64F75555D5F} = {79ADACC8-A9E5-4841-AFDD-484CE82B731A}
		{0D989E6F-77F7-4D9B-9098-990774E7FAF4} = {79ADACC8-A9E5-4841-AFDD-484CE82B731A}
		{16B5EFDE-64BF-4AC7-8779-5C27F4D19B16} = {79ADACC8-A9E5-4841-AFDD-484CE82B731A}
		{D9255EF3-E2E5-43E2-8B2C-E7031101DCB6} = {EEF98C30-9FDF-4F77-8D3D-630323D1AEB7}
		{351A9E71-69BE-40F0-B72A-9267E89DA274} = {5057D628-2240-4F36-A15F-5A9872D134FF}
		{204A9919-F574-4253-B33E-AC19281B7D4B} = {BF494E2A-0B0F-4A9D-A920-69703C043D81}
		{B4F7933A-1710-4698-8FB3-49AC8544E293} = {BF494E2A-0B0F-4A9D-A920-69703C043D81}
		{28548DC6-6BDE-48B3-BA8E-CB18102719F1} = {BF494E2A-0B0F-4A9D-A920-69703C043D81}
	EndGlobalSection
	GlobalSection(ExtensibilityGlobals) = postSolution
		SolutionGuid = {73BFBFD5-3D57-49BC-94C3-78CF416184C7}
	EndGlobalSection
EndGlobal
